<Solution>
  <Folder Name="/src/">
    <Project Path="src/Premise.Api/Premise.Api.csproj" />
    <Project Path="src/Premise.AppHost/Premise.AppHost.csproj" />
    <Project Path="src/Premise.Contracts/Premise.Contracts.csproj" />
    <Project Path="src/Premise.Platform/Premise.Platform.csproj" />
  </Folder>
  <Folder Name="/src/Integrations/">
    <Project Path="src/Integrations/Premise.Integrations.AmazonS3/Premise.Integrations.AmazonS3.csproj" />
    <Project Path="src/Integrations/Premise.Integrations.WorkOS/Premise.Integrations.WorkOS.csproj" />
  </Folder>
  <Folder Name="/src/Modules/">
    <Project Path="src/Modules/Premise.Modules.Audit/Premise.Modules.Audit.csproj" />
    <Project Path="src/Modules/Premise.Modules.Entitlements/Premise.Modules.Entitlements.csproj" />
    <Project Path="src/Modules/Premise.Modules.Identity/Premise.Modules.Identity.csproj" />
    <Project Path="src/Modules/Premise.Modules.Ingest/Premise.Modules.Ingest.csproj" />
    <Project Path="src/Modules/Premise.Modules.Storage/Premise.Modules.Storage.csproj" />
    <Project Path="src/Modules/Premise.Modules.Tenancy/Premise.Modules.Tenancy.csproj" />
  </Folder>
  <Folder Name="/tests/">
    <Project Path="tests/Premise.ArchitectureTests/Premise.ArchitectureTests.csproj" />
    <Project Path="tests/Premise.IntegrationTests/Premise.IntegrationTests.csproj" />
  </Folder>
  <Folder Name="/tools/">
    <Project Path="tools/Premise.Tools.CodegenKeys/Premise.Tools.CodegenKeys.csproj" />
  </Folder>
</Solution>
